
Microsoft Visual Studio Solution File, Format Version 12.00
# Visual Studio Version 17
VisualStudioVersion = 17.14.36212.18 d17.14
MinimumVisualStudioVersion = 10.0.40219.1
Project("{FAE04EC0-301F-11D3-BF4B-00C04F79EFBC}") = "HW12", "HW12\HW12.csproj", "{D6818D57-9659-490E-97B4-4E91F60EC915}"
EndProject
Project("{2150E333-8FDC-42A3-9474-1A3956D46DE8}") = "WebPage", "WebPage", "{8EC462FD-D22E-90A8-E5CE-7E832BA40C5D}"
	ProjectSection(SolutionItems) = preProject
		HTMLPage1.html = HTMLPage1.html
	EndProjectSection
EndProject
Global
	GlobalSection(SolutionConfigurationPlatforms) = preSolution
		Debug|Any CPU = Debug|Any CPU
		Release|Any CPU = Release|Any CPU
	EndGlobalSection
	GlobalSection(ProjectConfigurationPlatforms) = postSolution
		{D6818D57-9659-490E-97B4-4E91F60EC915}.Debug|Any CPU.ActiveCfg = Debug|Any CPU
		{D6818D57-9659-490E-97B4-4E91F60EC915}.Debug|Any CPU.Build.0 = Debug|Any CPU
		{D6818D57-9659-490E-97B4-4E91F60EC915}.Release|Any CPU.ActiveCfg = Release|Any CPU
		{D6818D57-9659-490E-97B4-4E91F60EC915}.Release|Any CPU.Build.0 = Release|Any CPU
	EndGlobalSection
	GlobalSection(SolutionProperties) = preSolution
		HideSolutionNode = FALSE
	EndGlobalSection
	GlobalSection(ExtensibilityGlobals) = postSolution
		SolutionGuid = {AB1B0AA5-3F06-43A2-8BDA-0E839FFA8320}
	EndGlobalSection
EndGlobal
