
Microsoft Visual Studio Solution File, Format Version 12.00
# Visual Studio Version 17
VisualStudioVersion = 17.12.35527.113 d17.12
MinimumVisualStudioVersion = 10.0.40219.1
Project("{FAE04EC0-301F-11D3-BF4B-00C04F79EFBC}") = "4.1", "4.1\4.1.csproj", "{9FC4C016-A3F0-46D9-9E73-911F3EF6164B}"
EndProject
Project("{FAE04EC0-301F-11D3-BF4B-00C04F79EFBC}") = "4.2", "4.2\4.2.csproj", "{D7F83269-2351-48EA-A16F-09E83EB8EEDA}"
EndProject
Project("{FAE04EC0-301F-11D3-BF4B-00C04F79EFBC}") = "4.3", "4.3\4.3.csproj", "{AAD5F384-51C6-465B-BDA7-B93273D0B801}"
EndProject
Project("{FAE04EC0-301F-11D3-BF4B-00C04F79EFBC}") = "4.4", "4.4\4.4.csproj", "{99A03799-B66A-462B-825E-902C285E36A6}"
EndProject
Global
	GlobalSection(SolutionConfigurationPlatforms) = preSolution
		Debug|Any CPU = Debug|Any CPU
		Release|Any CPU = Release|Any CPU
	EndGlobalSection
	GlobalSection(ProjectConfigurationPlatforms) = postSolution
		{9FC4C016-A3F0-46D9-9E73-911F3EF6164B}.Debug|Any CPU.ActiveCfg = Debug|Any CPU
		{9FC4C016-A3F0-46D9-9E73-911F3EF6164B}.Debug|Any CPU.Build.0 = Debug|Any CPU
		{9FC4C016-A3F0-46D9-9E73-911F3EF6164B}.Release|Any CPU.ActiveCfg = Release|Any CPU
		{9FC4C016-A3F0-46D9-9E73-911F3EF6164B}.Release|Any CPU.Build.0 = Release|Any CPU
		{D7F83269-2351-48EA-A16F-09E83EB8EEDA}.Debug|Any CPU.ActiveCfg = Debug|Any CPU
		{D7F83269-2351-48EA-A16F-09E83EB8EEDA}.Debug|Any CPU.Build.0 = Debug|Any CPU
		{D7F83269-2351-48EA-A16F-09E83EB8EEDA}.Release|Any CPU.ActiveCfg = Release|Any CPU
		{D7F83269-2351-48EA-A16F-09E83EB8EEDA}.Release|Any CPU.Build.0 = Release|Any CPU
		{AAD5F384-51C6-465B-BDA7-B93273D0B801}.Debug|Any CPU.ActiveCfg = Debug|Any CPU
		{AAD5F384-51C6-465B-BDA7-B93273D0B801}.Debug|Any CPU.Build.0 = Debug|Any CPU
		{AAD5F384-51C6-465B-BDA7-B93273D0B801}.Release|Any CPU.ActiveCfg = Release|Any CPU
		{AAD5F384-51C6-465B-BDA7-B93273D0B801}.Release|Any CPU.Build.0 = Release|Any CPU
		{99A03799-B66A-462B-825E-902C285E36A6}.Debug|Any CPU.ActiveCfg = Debug|Any CPU
		{99A03799-B66A-462B-825E-902C285E36A6}.Debug|Any CPU.Build.0 = Debug|Any CPU
		{99A03799-B66A-462B-825E-902C285E36A6}.Release|Any CPU.ActiveCfg = Release|Any CPU
		{99A03799-B66A-462B-825E-902C285E36A6}.Release|Any CPU.Build.0 = Release|Any CPU
	EndGlobalSection
	GlobalSection(SolutionProperties) = preSolution
		HideSolutionNode = FALSE
	EndGlobalSection
EndGlobal
