
Microsoft Visual Studio Solution File, Format Version 12.00
# Visual Studio Version 17
VisualStudioVersion = 17.12.35527.113
MinimumVisualStudioVersion = 10.0.40219.1
Project("{FAE04EC0-301F-11D3-BF4B-00C04F79EFBC}") = "HW 2.1", "HW 2.1\HW 2.1.csproj", "{1F7F81FA-154F-4F1A-A74E-9FE16D295034}"
EndProject
Project("{FAE04EC0-301F-11D3-BF4B-00C04F79EFBC}") = "HW 2.2", "HW 2.2\HW 2.2.csproj", "{A16A3350-D752-4A3D-935C-B5D1FA26CE49}"
EndProject
Project("{FAE04EC0-301F-11D3-BF4B-00C04F79EFBC}") = "HW 2.3", "HW 2.3\HW 2.3.csproj", "{C1510803-42FA-4B36-A0A0-5833F1109746}"
EndProject
Global
	GlobalSection(SolutionConfigurationPlatforms) = preSolution
		Debug|Any CPU = Debug|Any CPU
		Release|Any CPU = Release|Any CPU
	EndGlobalSection
	GlobalSection(ProjectConfigurationPlatforms) = postSolution
		{1F7F81FA-154F-4F1A-A74E-9FE16D295034}.Debug|Any CPU.ActiveCfg = Debug|Any CPU
		{1F7F81FA-154F-4F1A-A74E-9FE16D295034}.Debug|Any CPU.Build.0 = Debug|Any CPU
		{1F7F81FA-154F-4F1A-A74E-9FE16D295034}.Release|Any CPU.ActiveCfg = Release|Any CPU
		{1F7F81FA-154F-4F1A-A74E-9FE16D295034}.Release|Any CPU.Build.0 = Release|Any CPU
		{A16A3350-D752-4A3D-935C-B5D1FA26CE49}.Debug|Any CPU.ActiveCfg = Debug|Any CPU
		{A16A3350-D752-4A3D-935C-B5D1FA26CE49}.Debug|Any CPU.Build.0 = Debug|Any CPU
		{A16A3350-D752-4A3D-935C-B5D1FA26CE49}.Release|Any CPU.ActiveCfg = Release|Any CPU
		{A16A3350-D752-4A3D-935C-B5D1FA26CE49}.Release|Any CPU.Build.0 = Release|Any CPU
		{C1510803-42FA-4B36-A0A0-5833F1109746}.Debug|Any CPU.ActiveCfg = Debug|Any CPU
		{C1510803-42FA-4B36-A0A0-5833F1109746}.Debug|Any CPU.Build.0 = Debug|Any CPU
		{C1510803-42FA-4B36-A0A0-5833F1109746}.Release|Any CPU.ActiveCfg = Release|Any CPU
		{C1510803-42FA-4B36-A0A0-5833F1109746}.Release|Any CPU.Build.0 = Release|Any CPU
	EndGlobalSection
	GlobalSection(SolutionProperties) = preSolution
		HideSolutionNode = FALSE
	EndGlobalSection
EndGlobal
